{
    "_meta": {
        "hash": {
            "sha256": "7c3311881831fd1a7b791c21fcd9b31915f84ec1b4c37e0ca69f373bb0b0712c"
        },
        "pipfile-spec": 6,
        "requires": {
            "python_version": "3.9"
        },
        "sources": [
            {
                "name": "pypi",
                "url": "https://pypi.org/simple",
                "verify_ssl": true
            }
        ]
    },
    "default": {
        "javaobj-py3": {
            "hashes": [
                "sha256:0ad81b9fc149feca2789b4706ca13e263b5da17407aa18a376ccc3f1dc348e96",
                "sha256:ed3b1ffcfd39f165729cb53587cca02ab0bfa4c332c837a92d5ffe6aef5c8010"
            ],
            "index": "pypi",
            "version": "==0.4.2"
        },
        "libmagic": {
            "hashes": [
                "sha256:649f1ce7fb7c92796badbb812555e4a926351da4f5cdf82e810b5cd371aedf8d"
            ],
            "index": "pypi",
            "version": "==1.0"
        },
        "pepy": {
            "hashes": [
                "sha256:e759bce87e7f7fdfcf18559bd5e55e6f1b4de03383382dbe6877d9923f2ee5aa"
            ],
            "index": "pypi",
            "version": "==1.2.0"
        },
        "python-magic": {
            "hashes": [
                "sha256:8551e804c09a3398790bd9e392acb26554ae2609f29c72abb0b9dee9a5571eae",
                "sha256:ca884349f2c92ce830e3f498c5b7c7051fe2942c3ee4332f65213b8ebff15a62"
            ],
            "index": "pypi",
            "version": "==0.4.22"
        },
        "python-magic-bin": {
            "hashes": [
                "sha256:34a788c03adde7608028203e2dbb208f1f62225ad91518787ae26d603ae68892",
                "sha256:7b1743b3dbf16601d6eedf4e7c2c9a637901b0faaf24ad4df4d4527e7d8f66a4",
                "sha256:90be6206ad31071a36065a2fc169c5afb5e0355cbe6030e87641c6c62edc2b69"
            ],
            "index": "pypi",
            "version": "==0.4.14"
        }
    },
    "develop": {}
}
